# This file is automatically @generated by Cargo.
# It is not intended for manual editing.
version = 4

[[package]]
name = "clinrand-cli"
version = "0.1.0"
dependencies = [
 "clinrand-core",
 "clinrand-package",
]

[[package]]
name = "clinrand-core"
version = "0.1.0"

[[package]]
name = "clinrand-package"
version = "0.1.0"
dependencies = [
 "clinrand-core",
]
